
Microsoft Visual Studio Solution File, Format Version 12.00
# Visual Studio Version 17
VisualStudioVersion = 17.4.33403.182
MinimumVisualStudioVersion = 10.0.40219.1
Project("{FAE04EC0-301F-11D3-BF4B-00C04F79EFBC}") = "rev-repo", "rev-repo\rev-repo.csproj", "{99392A9F-BF9E-4FBE-B741-1337A537F200}"
EndProject
Global
	GlobalSection(SolutionConfigurationPlatforms) = preSolution
		Debug|Any CPU = Debug|Any CPU
		Release|Any CPU = Release|Any CPU
	EndGlobalSection
	GlobalSection(ProjectConfigurationPlatforms) = postSolution
		{99392A9F-BF9E-4FBE-B741-1337A537F200}.Debug|Any CPU.ActiveCfg = Debug|Any CPU
		{99392A9F-BF9E-4FBE-B741-1337A537F200}.Debug|Any CPU.Build.0 = Debug|Any CPU
		{99392A9F-BF9E-4FBE-B741-1337A537F200}.Release|Any CPU.ActiveCfg = Release|Any CPU
		{99392A9F-BF9E-4FBE-B741-1337A537F200}.Release|Any CPU.Build.0 = Release|Any CPU
	EndGlobalSection
	GlobalSection(SolutionProperties) = preSolution
		HideSolutionNode = FALSE
	EndGlobalSection
	GlobalSection(ExtensibilityGlobals) = postSolution
		SolutionGuid = {7EB8B273-C78B-42F9-B5D4-43ADC47E8AFE}
	EndGlobalSection
EndGlobal
